// !$*UTF8*$!
{
	archiveVersion = 1;
	classes = {
	};
	objectVersion = 46;
	objects = {

/* Begin PBXBuildFile section */
		1A267772C4D848768E76E7BA /* libPods.a in Frameworks */ = {isa = PBXBuildFile; fileRef = 86CD04EC08BE434BB9B84D75 /* libPods.a */; };
		718B8D3716C9BEAE001E21B3 /* UIKit.framework in Frameworks */ = {isa = PBXBuildFile; fileRef = 718B8D3616C9BEAE001E21B3 /* UIKit.framework */; };
		718B8D3916C9BEAE001E21B3 /* Foundation.framework in Frameworks */ = {isa = PBXBuildFile; fileRef = 718B8D3816C9BEAE001E21B3 /* Foundation.framework */; };
		718B8D3B16C9BEAE001E21B3 /* CoreGraphics.framework in Frameworks */ = {isa = PBXBuildFile; fileRef = 718B8D3A16C9BEAE001E21B3 /* CoreGraphics.framework */; };
		718B8D4116C9BEAE001E21B3 /* InfoPlist.strings in Resources */ = {isa = PBXBuildFile; fileRef = 718B8D3F16C9BEAE001E21B3 /* InfoPlist.strings */; };
		718B8D4316C9BEAE001E21B3 /* main.m in Sources */ = {isa = PBXBuildFile; fileRef = 718B8D4216C9BEAE001E21B3 /* main.m */; };
		718B8D4716C9BEAE001E21B3 /* DMAppDelegate.m in Sources */ = {isa = PBXBuildFile; fileRef = 718B8D4616C9BEAE001E21B3 /* DMAppDelegate.m */; };
		718B8D4916C9BEAE001E21B3 /* Default.png in Resources */ = {isa = PBXBuildFile; fileRef = 718B8D4816C9BEAE001E21B3 /* Default.png */; };
		718B8D4B16C9BEAE001E21B3 /* Default@2x.png in Resources */ = {isa = PBXBuildFile; fileRef = 718B8D4A16C9BEAE001E21B3 /* Default@2x.png */; };
		718B8D4D16C9BEAE001E21B3 /* Default-568h@2x.png in Resources */ = {isa = PBXBuildFile; fileRef = 718B8D4C16C9BEAE001E21B3 /* Default-568h@2x.png */; };
		718B8D5016C9BEAE001E21B3 /* MainStoryboard.storyboard in Resources */ = {isa = PBXBuildFile; fileRef = 718B8D4E16C9BEAE001E21B3 /* MainStoryboard.storyboard */; };
		718B8D5316C9BEAE001E21B3 /* DMViewController.m in Sources */ = {isa = PBXBuildFile; fileRef = 718B8D5216C9BEAE001E21B3 /* DMViewController.m */; };
		718B8D5A16C9BED8001E21B3 /* icon.png in Resources */ = {isa = PBXBuildFile; fileRef = 718B8D5916C9BED8001E21B3 /* icon.png */; };
		718B8D5C16C9BEDC001E21B3 /* icon@2x.png in Resources */ = {isa = PBXBuildFile; fileRef = 718B8D5B16C9BEDB001E21B3 /* icon@2x.png */; };
		718B8D6016C9BF21001E21B3 /* SoundEffect.m in Sources */ = {isa = PBXBuildFile; fileRef = 718B8D5F16C9BF21001E21B3 /* SoundEffect.m */; };
		718B8D6416C9C0F9001E21B3 /* AudioToolbox.framework in Frameworks */ = {isa = PBXBuildFile; fileRef = 718B8D6316C9C0F8001E21B3 /* AudioToolbox.framework */; };
		718B8D6516C9C113001E21B3 /* AVFoundation.framework in Frameworks */ = {isa = PBXBuildFile; fileRef = 718B8D6116C9C0E3001E21B3 /* AVFoundation.framework */; };
		71E3745F16CAE64B002B53A5 /* laser.wav in Resources */ = {isa = PBXBuildFile; fileRef = 71E3745E16CAE64B002B53A5 /* laser.wav */; };
/* End PBXBuildFile section */

/* Begin PBXFileReference section */
		0B709CD2284F43E489AD2753 /* Pods.xcconfig */ = {isa = PBXFileReference; includeInIndex = 1; lastKnownFileType = text.xcconfig; name = Pods.xcconfig; path = Pods/Pods.xcconfig; sourceTree = SOURCE_ROOT; };
		718B8D3316C9BEAE001E21B3 /* Lighthouse.app */ = {isa = PBXFileReference; explicitFileType = wrapper.application; includeInIndex = 0; path = Lighthouse.app; sourceTree = BUILT_PRODUCTS_DIR; };
		718B8D3616C9BEAE001E21B3 /* UIKit.framework */ = {isa = PBXFileReference; lastKnownFileType = wrapper.framework; name = UIKit.framework; path = System/Library/Frameworks/UIKit.framework; sourceTree = SDKROOT; };
		718B8D3816C9BEAE001E21B3 /* Foundation.framework */ = {isa = PBXFileReference; lastKnownFileType = wrapper.framework; name = Foundation.framework; path = System/Library/Frameworks/Foundation.framework; sourceTree = SDKROOT; };
		718B8D3A16C9BEAE001E21B3 /* CoreGraphics.framework */ = {isa = PBXFileReference; lastKnownFileType = wrapper.framework; name = CoreGraphics.framework; path = System/Library/Frameworks/CoreGraphics.framework; sourceTree = SDKROOT; };
		718B8D3E16C9BEAE001E21B3 /* Lighthouse-Info.plist */ = {isa = PBXFileReference; lastKnownFileType = text.plist.xml; path = "Lighthouse-Info.plist"; sourceTree = "<group>"; };
		718B8D4016C9BEAE001E21B3 /* en */ = {isa = PBXFileReference; lastKnownFileType = text.plist.strings; name = en; path = en.lproj/InfoPlist.strings; sourceTree = "<group>"; };
		718B8D4216C9BEAE001E21B3 /* main.m */ = {isa = PBXFileReference; lastKnownFileType = sourcecode.c.objc; path = main.m; sourceTree = "<group>"; };
		718B8D4416C9BEAE001E21B3 /* Lighthouse-Prefix.pch */ = {isa = PBXFileReference; lastKnownFileType = sourcecode.c.h; path = "Lighthouse-Prefix.pch"; sourceTree = "<group>"; };
		718B8D4516C9BEAE001E21B3 /* DMAppDelegate.h */ = {isa = PBXFileReference; lastKnownFileType = sourcecode.c.h; path = DMAppDelegate.h; sourceTree = "<group>"; };
		718B8D4616C9BEAE001E21B3 /* DMAppDelegate.m */ = {isa = PBXFileReference; lastKnownFileType = sourcecode.c.objc; path = DMAppDelegate.m; sourceTree = "<group>"; };
		718B8D4816C9BEAE001E21B3 /* Default.png */ = {isa = PBXFileReference; lastKnownFileType = image.png; path = Default.png; sourceTree = "<group>"; };
		718B8D4A16C9BEAE001E21B3 /* Default@2x.png */ = {isa = PBXFileReference; lastKnownFileType = image.png; path = "Default@2x.png"; sourceTree = "<group>"; };
		718B8D4C16C9BEAE001E21B3 /* Default-568h@2x.png */ = {isa = PBXFileReference; lastKnownFileType = image.png; path = "Default-568h@2x.png"; sourceTree = "<group>"; };
		718B8D4F16C9BEAE001E21B3 /* en */ = {isa = PBXFileReference; lastKnownFileType = file.storyboard; name = en; path = en.lproj/MainStoryboard.storyboard; sourceTree = "<group>"; };
		718B8D5116C9BEAE001E21B3 /* DMViewController.h */ = {isa = PBXFileReference; lastKnownFileType = sourcecode.c.h; path = DMViewController.h; sourceTree = "<group>"; };
		718B8D5216C9BEAE001E21B3 /* DMViewController.m */ = {isa = PBXFileReference; lastKnownFileType = sourcecode.c.objc; path = DMViewController.m; sourceTree = "<group>"; };
		718B8D5916C9BED8001E21B3 /* icon.png */ = {isa = PBXFileReference; lastKnownFileType = image.png; name = icon.png; path = ../icon.png; sourceTree = "<group>"; };
		718B8D5B16C9BEDB001E21B3 /* icon@2x.png */ = {isa = PBXFileReference; lastKnownFileType = image.png; name = "icon@2x.png"; path = "../icon@2x.png"; sourceTree = "<group>"; };
		718B8D5E16C9BF21001E21B3 /* SoundEffect.h */ = {isa = PBXFileReference; fileEncoding = 4; lastKnownFileType = sourcecode.c.h; name = SoundEffect.h; path = ../SoundEffect.h; sourceTree = "<group>"; };
		718B8D5F16C9BF21001E21B3 /* SoundEffect.m */ = {isa = PBXFileReference; fileEncoding = 4; lastKnownFileType = sourcecode.c.objc; name = SoundEffect.m; path = ../SoundEffect.m; sourceTree = "<group>"; };
		718B8D6116C9C0E3001E21B3 /* AVFoundation.framework */ = {isa = PBXFileReference; lastKnownFileType = wrapper.framework; name = AVFoundation.framework; path = System/Library/Frameworks/AVFoundation.framework; sourceTree = SDKROOT; };
		718B8D6316C9C0F8001E21B3 /* AudioToolbox.framework */ = {isa = PBXFileReference; lastKnownFileType = wrapper.framework; name = AudioToolbox.framework; path = System/Library/Frameworks/AudioToolbox.framework; sourceTree = SDKROOT; };
		71E3745E16CAE64B002B53A5 /* laser.wav */ = {isa = PBXFileReference; lastKnownFileType = audio.wav; path = laser.wav; sourceTree = "<group>"; };
		86CD04EC08BE434BB9B84D75 /* libPods.a */ = {isa = PBXFileReference; explicitFileType = archive.ar; includeInIndex = 0; path = libPods.a; sourceTree = BUILT_PRODUCTS_DIR; };
/* End PBXFileReference section */

/* Begin PBXFrameworksBuildPhase section */
		718B8D3016C9BEAE001E21B3 /* Frameworks */ = {
			isa = PBXFrameworksBuildPhase;
			buildActionMask = 2147483647;
			files = (
				718B8D6516C9C113001E21B3 /* AVFoundation.framework in Frameworks */,
				718B8D6416C9C0F9001E21B3 /* AudioToolbox.framework in Frameworks */,
				718B8D3716C9BEAE001E21B3 /* UIKit.framework in Frameworks */,
				718B8D3916C9BEAE001E21B3 /* Foundation.framework in Frameworks */,
				718B8D3B16C9BEAE001E21B3 /* CoreGraphics.framework in Frameworks */,
				1A267772C4D848768E76E7BA /* libPods.a in Frameworks */,
			);
			runOnlyForDeploymentPostprocessing = 0;
		};
/* End PBXFrameworksBuildPhase section */

/* Begin PBXGroup section */
		718B8D2A16C9BEAE001E21B3 = {
			isa = PBXGroup;
			children = (
				718B8D3C16C9BEAE001E21B3 /* Lighthouse */,
				718B8D3516C9BEAE001E21B3 /* Frameworks */,
				718B8D3416C9BEAE001E21B3 /* Products */,
				0B709CD2284F43E489AD2753 /* Pods.xcconfig */,
			);
			sourceTree = "<group>";
		};
		718B8D3416C9BEAE001E21B3 /* Products */ = {
			isa = PBXGroup;
			children = (
				718B8D3316C9BEAE001E21B3 /* Lighthouse.app */,
			);
			name = Products;
			sourceTree = "<group>";
		};
		718B8D3516C9BEAE001E21B3 /* Frameworks */ = {
			isa = PBXGroup;
			children = (
				718B8D6316C9C0F8001E21B3 /* AudioToolbox.framework */,
				718B8D6116C9C0E3001E21B3 /* AVFoundation.framework */,
				718B8D3A16C9BEAE001E21B3 /* CoreGraphics.framework */,
				718B8D3816C9BEAE001E21B3 /* Foundation.framework */,
				86CD04EC08BE434BB9B84D75 /* libPods.a */,
				718B8D3616C9BEAE001E21B3 /* UIKit.framework */,
			);
			name = Frameworks;
			sourceTree = "<group>";
		};
		718B8D3C16C9BEAE001E21B3 /* Lighthouse */ = {
			isa = PBXGroup;
			children = (
				718B8D4516C9BEAE001E21B3 /* DMAppDelegate.h */,
				718B8D4616C9BEAE001E21B3 /* DMAppDelegate.m */,
				718B8D5116C9BEAE001E21B3 /* DMViewController.h */,
				718B8D5216C9BEAE001E21B3 /* DMViewController.m */,
				718B8D4E16C9BEAE001E21B3 /* MainStoryboard.storyboard */,
				718B8D3D16C9BEAE001E21B3 /* Supporting Files */,
			);
			path = Lighthouse;
			sourceTree = "<group>";
		};
		718B8D3D16C9BEAE001E21B3 /* Supporting Files */ = {
			isa = PBXGroup;
			children = (
				71E3745E16CAE64B002B53A5 /* laser.wav */,
				718B8D4C16C9BEAE001E21B3 /* Default-568h@2x.png */,
				718B8D4816C9BEAE001E21B3 /* Default.png */,
				718B8D4A16C9BEAE001E21B3 /* Default@2x.png */,
				718B8D5916C9BED8001E21B3 /* icon.png */,
				718B8D5B16C9BEDB001E21B3 /* icon@2x.png */,
				718B8D3F16C9BEAE001E21B3 /* InfoPlist.strings */,
				718B8D3E16C9BEAE001E21B3 /* Lighthouse-Info.plist */,
				718B8D4416C9BEAE001E21B3 /* Lighthouse-Prefix.pch */,
				718B8D4216C9BEAE001E21B3 /* main.m */,
				718B8D5E16C9BF21001E21B3 /* SoundEffect.h */,
				718B8D5F16C9BF21001E21B3 /* SoundEffect.m */,
			);
			name = "Supporting Files";
			sourceTree = "<group>";
		};
/* End PBXGroup section */

/* Begin PBXNativeTarget section */
		718B8D3216C9BEAE001E21B3 /* Lighthouse */ = {
			isa = PBXNativeTarget;
			buildConfigurationList = 718B8D5616C9BEAE001E21B3 /* Build configuration list for PBXNativeTarget "Lighthouse" */;
			buildPhases = (
				718B8D2F16C9BEAE001E21B3 /* Sources */,
				718B8D3016C9BEAE001E21B3 /* Frameworks */,
				718B8D3116C9BEAE001E21B3 /* Resources */,
				669180314D424CCE8C462CEE /* Copy Pods Resources */,
			);
			buildRules = (
			);
			dependencies = (
			);
			name = Lighthouse;
			productName = Lighthouse;
			productReference = 718B8D3316C9BEAE001E21B3 /* Lighthouse.app */;
			productType = "com.apple.product-type.application";
		};
/* End PBXNativeTarget section */

/* Begin PBXProject section */
		718B8D2B16C9BEAE001E21B3 /* Project object */ = {
			isa = PBXProject;
			attributes = {
				CLASSPREFIX = DM;
				LastUpgradeCheck = 0460;
			};
			buildConfigurationList = 718B8D2E16C9BEAE001E21B3 /* Build configuration list for PBXProject "Lighthouse" */;
			compatibilityVersion = "Xcode 3.2";
			developmentRegion = English;
			hasScannedForEncodings = 0;
			knownRegions = (
				en,
			);
			mainGroup = 718B8D2A16C9BEAE001E21B3;
			productRefGroup = 718B8D3416C9BEAE001E21B3 /* Products */;
			projectDirPath = "";
			projectRoot = "";
			targets = (
				718B8D3216C9BEAE001E21B3 /* Lighthouse */,
			);
		};
/* End PBXProject section */

/* Begin PBXResourcesBuildPhase section */
		718B8D3116C9BEAE001E21B3 /* Resources */ = {
			isa = PBXResourcesBuildPhase;
			buildActionMask = 2147483647;
			files = (
				718B8D4116C9BEAE001E21B3 /* InfoPlist.strings in Resources */,
				718B8D4916C9BEAE001E21B3 /* Default.png in Resources */,
				718B8D4B16C9BEAE001E21B3 /* Default@2x.png in Resources */,
				718B8D4D16C9BEAE001E21B3 /* Default-568h@2x.png in Resources */,
				718B8D5016C9BEAE001E21B3 /* MainStoryboard.storyboard in Resources */,
				718B8D5A16C9BED8001E21B3 /* icon.png in Resources */,
				718B8D5C16C9BEDC001E21B3 /* icon@2x.png in Resources */,
				71E3745F16CAE64B002B53A5 /* laser.wav in Resources */,
			);
			runOnlyForDeploymentPostprocessing = 0;
		};
/* End PBXResourcesBuildPhase section */

/* Begin PBXShellScriptBuildPhase section */
		669180314D424CCE8C462CEE /* Copy Pods Resources */ = {
			isa = PBXShellScriptBuildPhase;
			buildActionMask = 2147483647;
			files = (
			);
			inputPaths = (
			);
			name = "Copy Pods Resources";
			outputPaths = (
			);
			runOnlyForDeploymentPostprocessing = 0;
			shellPath = /bin/sh;
			shellScript = "\"${SRCROOT}/Pods/Pods-resources.sh\"\n";
		};
/* End PBXShellScriptBuildPhase section */

/* Begin PBXSourcesBuildPhase section */
		718B8D2F16C9BEAE001E21B3 /* Sources */ = {
			isa = PBXSourcesBuildPhase;
			buildActionMask = 2147483647;
			files = (
				718B8D4316C9BEAE001E21B3 /* main.m in Sources */,
				718B8D4716C9BEAE001E21B3 /* DMAppDelegate.m in Sources */,
				718B8D5316C9BEAE001E21B3 /* DMViewController.m in Sources */,
				718B8D6016C9BF21001E21B3 /* SoundEffect.m in Sources */,
			);
			runOnlyForDeploymentPostprocessing = 0;
		};
/* End PBXSourcesBuildPhase section */

/* Begin PBXVariantGroup section */
		718B8D3F16C9BEAE001E21B3 /* InfoPlist.strings */ = {
			isa = PBXVariantGroup;
			children = (
				718B8D4016C9BEAE001E21B3 /* en */,
			);
			name = InfoPlist.strings;
			sourceTree = "<group>";
		};
		718B8D4E16C9BEAE001E21B3 /* MainStoryboard.storyboard */ = {
			isa = PBXVariantGroup;
			children = (
				718B8D4F16C9BEAE001E21B3 /* en */,
			);
			name = MainStoryboard.storyboard;
			sourceTree = "<group>";
		};
/* End PBXVariantGroup section */

/* Begin XCBuildConfiguration section */
		718B8D5416C9BEAE001E21B3 /* Debug */ = {
			isa = XCBuildConfiguration;
			buildSettings = {
				ALWAYS_SEARCH_USER_PATHS = NO;
				CLANG_CXX_LANGUAGE_STANDARD = "gnu++0x";
				CLANG_CXX_LIBRARY = "libc++";
				CLANG_ENABLE_OBJC_ARC = YES;
				CLANG_WARN_CONSTANT_CONVERSION = YES;
				CLANG_WARN_EMPTY_BODY = YES;
				CLANG_WARN_ENUM_CONVERSION = YES;
				CLANG_WARN_INT_CONVERSION = YES;
				CLANG_WARN__DUPLICATE_METHOD_MATCH = YES;
				"CODE_SIGN_IDENTITY[sdk=iphoneos*]" = "iPhone Developer";
				COPY_PHASE_STRIP = NO;
				GCC_C_LANGUAGE_STANDARD = gnu99;
				GCC_DYNAMIC_NO_PIC = NO;
				GCC_OPTIMIZATION_LEVEL = 0;
				GCC_PREPROCESSOR_DEFINITIONS = (
					"DEBUG=1",
					"$(inherited)",
				);
				GCC_SYMBOLS_PRIVATE_EXTERN = NO;
				GCC_WARN_ABOUT_RETURN_TYPE = YES;
				GCC_WARN_UNINITIALIZED_AUTOS = YES;
				GCC_WARN_UNUSED_VARIABLE = YES;
				IPHONEOS_DEPLOYMENT_TARGET = 6.1;
				ONLY_ACTIVE_ARCH = YES;
				SDKROOT = iphoneos;
			};
			name = Debug;
		};
		718B8D5516C9BEAE001E21B3 /* Release */ = {
			isa = XCBuildConfiguration;
			buildSettings = {
				ALWAYS_SEARCH_USER_PATHS = NO;
				CLANG_CXX_LANGUAGE_STANDARD = "gnu++0x";
				CLANG_CXX_LIBRARY = "libc++";
				CLANG_ENABLE_OBJC_ARC = YES;
				CLANG_WARN_CONSTANT_CONVERSION = YES;
				CLANG_WARN_EMPTY_BODY = YES;
				CLANG_WARN_ENUM_CONVERSION = YES;
				CLANG_WARN_INT_CONVERSION = YES;
				CLANG_WARN__DUPLICATE_METHOD_MATCH = YES;
				"CODE_SIGN_IDENTITY[sdk=iphoneos*]" = "iPhone Developer";
				COPY_PHASE_STRIP = YES;
				GCC_C_LANGUAGE_STANDARD = gnu99;
				GCC_WARN_ABOUT_RETURN_TYPE = YES;
				GCC_WARN_UNINITIALIZED_AUTOS = YES;
				GCC_WARN_UNUSED_VARIABLE = YES;
				IPHONEOS_DEPLOYMENT_TARGET = 6.1;
				OTHER_CFLAGS = "-DNS_BLOCK_ASSERTIONS=1";
				SDKROOT = iphoneos;
				VALIDATE_PRODUCT = YES;
			};
			name = Release;
		};
		718B8D5716C9BEAE001E21B3 /* Debug */ = {
			isa = XCBuildConfiguration;
			baseConfigurationReference = 0B709CD2284F43E489AD2753 /* Pods.xcconfig */;
			buildSettings = {
				CODE_SIGN_IDENTITY = "iPhone Developer: Deepu Mukundan (WG9U79JVJP)";
				GCC_PRECOMPILE_PREFIX_HEADER = YES;
				GCC_PREFIX_HEADER = "Lighthouse/Lighthouse-Prefix.pch";
				INFOPLIST_FILE = "Lighthouse/Lighthouse-Info.plist";
				PRODUCT_NAME = "$(TARGET_NAME)";
				PROVISIONING_PROFILE = "C3C1255F-FDDB-486E-A6F8-9440D4FE2DFE";
				WRAPPER_EXTENSION = app;
			};
			name = Debug;
		};
		718B8D5816C9BEAE001E21B3 /* Release */ = {
			isa = XCBuildConfiguration;
			buildSettings = {
				CODE_SIGN_IDENTITY = "iPhone Developer: Deepu Mukundan (WG9U79JVJP)";
				GCC_PRECOMPILE_PREFIX_HEADER = YES;
				GCC_PREFIX_HEADER = "Lighthouse/Lighthouse-Prefix.pch";
				INFOPLIST_FILE = "Lighthouse/Lighthouse-Info.plist";
				PRODUCT_NAME = "$(TARGET_NAME)";
				PROVISIONING_PROFILE = "C3C1255F-FDDB-486E-A6F8-9440D4FE2DFE";
				WRAPPER_EXTENSION = app;
			};
			name = Release;
		};
/* End XCBuildConfiguration section */

/* Begin XCConfigurationList section */
		718B8D2E16C9BEAE001E21B3 /* Build configuration list for PBXProject "Lighthouse" */ = {
			isa = XCConfigurationList;
			buildConfigurations = (
				718B8D5416C9BEAE001E21B3 /* Debug */,
				718B8D5516C9BEAE001E21B3 /* Release */,
			);
			defaultConfigurationIsVisible = 0;
			defaultConfigurationName = Release;
		};
		718B8D5616C9BEAE001E21B3 /* Build configuration list for PBXNativeTarget "Lighthouse" */ = {
			isa = XCConfigurationList;
			buildConfigurations = (
				718B8D5716C9BEAE001E21B3 /* Debug */,
				718B8D5816C9BEAE001E21B3 /* Release */,
			);
			defaultConfigurationIsVisible = 0;
			defaultConfigurationName = Release;
		};
/* End XCConfigurationList section */
	};
	rootObject = 718B8D2B16C9BEAE001E21B3 /* Project object */;
}
